
Microsoft Visual Studio Solution File, Format Version 12.00
# Visual Studio Version 17
VisualStudioVersion = 17.0.32002.185
MinimumVisualStudioVersion = 10.0.40219.1
Project("{FAE04EC0-301F-11D3-BF4B-00C04F79EFBC}") = "Sample601", "Sample601\Sample601.csproj", "{23F2107E-B6A0-4365-B0AA-563415577962}"
EndProject
Global
	GlobalSection(SolutionConfigurationPlatforms) = preSolution
		Debug|Any CPU = Debug|Any CPU
		Release|Any CPU = Release|Any CPU
	EndGlobalSection
	GlobalSection(ProjectConfigurationPlatforms) = postSolution
		{23F2107E-B6A0-4365-B0AA-563415577962}.Debug|Any CPU.ActiveCfg = Debug|Any CPU
		{23F2107E-B6A0-4365-B0AA-563415577962}.Debug|Any CPU.Build.0 = Debug|Any CPU
		{23F2107E-B6A0-4365-B0AA-563415577962}.Release|Any CPU.ActiveCfg = Release|Any CPU
		{23F2107E-B6A0-4365-B0AA-563415577962}.Release|Any CPU.Build.0 = Release|Any CPU
	EndGlobalSection
	GlobalSection(SolutionProperties) = preSolution
		HideSolutionNode = FALSE
	EndGlobalSection
	GlobalSection(ExtensibilityGlobals) = postSolution
		SolutionGuid = {65708A37-2E02-4A83-96EF-0193FBB6DF78}
	EndGlobalSection
EndGlobal
